
Microsoft Visual Studio Solution File, Format Version 12.00
# Visual Studio Version 16
VisualStudioVersion = 16.0.31205.134
MinimumVisualStudioVersion = 10.0.40219.1
Project("{FAE04EC0-301F-11D3-BF4B-00C04F79EFBC}") = "MISA.CukCuk.Api", "MISA.CukCuk.Api\MISA.CukCuk.Api.csproj", "{CF957DE8-61EF-4A02-836A-948E7CD37449}"
EndProject
Project("{FAE04EC0-301F-11D3-BF4B-00C04F79EFBC}") = "MISA.Core", "MISA.Core\MISA.Core.csproj", "{21BBF604-7F64-4C7E-9805-2D4724276D2D}"
EndProject
Project("{FAE04EC0-301F-11D3-BF4B-00C04F79EFBC}") = "MISA.Infrastruture", "MISA.Infrastruture\MISA.Infrastruture.csproj", "{BD6E04EB-0338-4728-817E-D84D0F1BC90D}"
EndProject
Global
	GlobalSection(SolutionConfigurationPlatforms) = preSolution
		Debug|Any CPU = Debug|Any CPU
		Release|Any CPU = Release|Any CPU
	EndGlobalSection
	GlobalSection(ProjectConfigurationPlatforms) = postSolution
		{CF957DE8-61EF-4A02-836A-948E7CD37449}.Debug|Any CPU.ActiveCfg = Debug|Any CPU
		{CF957DE8-61EF-4A02-836A-948E7CD37449}.Debug|Any CPU.Build.0 = Debug|Any CPU
		{CF957DE8-61EF-4A02-836A-948E7CD37449}.Release|Any CPU.ActiveCfg = Release|Any CPU
		{CF957DE8-61EF-4A02-836A-948E7CD37449}.Release|Any CPU.Build.0 = Release|Any CPU
		{21BBF604-7F64-4C7E-9805-2D4724276D2D}.Debug|Any CPU.ActiveCfg = Debug|Any CPU
		{21BBF604-7F64-4C7E-9805-2D4724276D2D}.Debug|Any CPU.Build.0 = Debug|Any CPU
		{21BBF604-7F64-4C7E-9805-2D4724276D2D}.Release|Any CPU.ActiveCfg = Release|Any CPU
		{21BBF604-7F64-4C7E-9805-2D4724276D2D}.Release|Any CPU.Build.0 = Release|Any CPU
		{BD6E04EB-0338-4728-817E-D84D0F1BC90D}.Debug|Any CPU.ActiveCfg = Debug|Any CPU
		{BD6E04EB-0338-4728-817E-D84D0F1BC90D}.Debug|Any CPU.Build.0 = Debug|Any CPU
		{BD6E04EB-0338-4728-817E-D84D0F1BC90D}.Release|Any CPU.ActiveCfg = Release|Any CPU
		{BD6E04EB-0338-4728-817E-D84D0F1BC90D}.Release|Any CPU.Build.0 = Release|Any CPU
	EndGlobalSection
	GlobalSection(SolutionProperties) = preSolution
		HideSolutionNode = FALSE
	EndGlobalSection
	GlobalSection(ExtensibilityGlobals) = postSolution
		SolutionGuid = {D60C8E20-3655-466D-89FF-13EDE6F53AD1}
	EndGlobalSection
EndGlobal
